
Microsoft Visual Studio Solution File, Format Version 12.00
# Visual Studio Version 17
VisualStudioVersion = 17.0.31903.59
MinimumVisualStudioVersion = 10.0.40219.1
Project("{2150E333-8FDC-42A3-9474-1A3956D46DE8}") = "src", "src", "{E5F6CD65-9F58-4E36-9EFD-5360A5833C1A}"
EndProject
Project("{2150E333-8FDC-42A3-9474-1A3956D46DE8}") = "Services", "Services", "{20F3F34F-482C-458F-A083-DD7F3344C23B}"
EndProject
Project("{2150E333-8FDC-42A3-9474-1A3956D46DE8}") = "Shared", "Shared", "{8F28B976-0B32-41A3-B9E5-CF632B1166D3}"
EndProject
Project("{2150E333-8FDC-42A3-9474-1A3956D46DE8}") = "Web", "Web", "{176CBF7E-2E7C-444F-870A-78478AB22144}"
EndProject
Project("{2150E333-8FDC-42A3-9474-1A3956D46DE8}") = "Totem", "Totem", "{0EB834D0-3958-461B-8352-E091AE013923}"
EndProject
Project("{2150E333-8FDC-42A3-9474-1A3956D46DE8}") = "Common", "Common", "{02EA681E-C7D8-13C7-8484-4AC65E1B71E8}"
EndProject
Project("{FAE04EC0-301F-11D3-BF4B-00C04F79EFBC}") = "Totem.Common", "src\Shared\Totem.Common\Totem.Common.csproj", "{3B718DDC-6D6B-483D-AE48-C6CEEEE96822}"
EndProject
Project("{FAE04EC0-301F-11D3-BF4B-00C04F79EFBC}") = "Totem.Common.API", "src\Shared\Totem.Common.API\Totem.Common.API.csproj", "{4E2EDC0D-59B3-4B17-992C-EA35C085AA9C}"
EndProject
Project("{FAE04EC0-301F-11D3-BF4B-00C04F79EFBC}") = "Totem.SharedKernel", "src\Services\Totem.SharedKernel\Totem.SharedKernel.csproj", "{8610EC42-837B-4986-97BC-2A997C17AA08}"
EndProject
Project("{FAE04EC0-301F-11D3-BF4B-00C04F79EFBC}") = "Totem.API", "src\Services\Totem.API\Totem.API.csproj", "{529397B9-ECF5-0FF4-80F6-4BD54806D8AA}"
EndProject
Project("{FAE04EC0-301F-11D3-BF4B-00C04F79EFBC}") = "Totem.Application", "src\Services\Totem.Application\Totem.Application.csproj", "{B004E0AB-9106-E665-E5FC-AA2773B6AD8F}"
EndProject
Project("{FAE04EC0-301F-11D3-BF4B-00C04F79EFBC}") = "Totem.Domain", "src\Services\Totem.Domain\Totem.Domain.csproj", "{E34652E5-35AE-DD78-C7C5-5B1498097461}"
EndProject
Project("{FAE04EC0-301F-11D3-BF4B-00C04F79EFBC}") = "Totem.Infra", "src\Services\Totem.Infra\Totem.Infra.csproj", "{AF7137F1-81C9-2E12-66D3-3393D425F5DC}"
EndProject
Global
	GlobalSection(SolutionConfigurationPlatforms) = preSolution
		Debug|Any CPU = Debug|Any CPU
		Release|Any CPU = Release|Any CPU
	EndGlobalSection
	GlobalSection(ProjectConfigurationPlatforms) = postSolution
		{3B718DDC-6D6B-483D-AE48-C6CEEEE96822}.Debug|Any CPU.ActiveCfg = Debug|Any CPU
		{3B718DDC-6D6B-483D-AE48-C6CEEEE96822}.Debug|Any CPU.Build.0 = Debug|Any CPU
		{3B718DDC-6D6B-483D-AE48-C6CEEEE96822}.Release|Any CPU.ActiveCfg = Release|Any CPU
		{3B718DDC-6D6B-483D-AE48-C6CEEEE96822}.Release|Any CPU.Build.0 = Release|Any CPU
		{4E2EDC0D-59B3-4B17-992C-EA35C085AA9C}.Debug|Any CPU.ActiveCfg = Debug|Any CPU
		{4E2EDC0D-59B3-4B17-992C-EA35C085AA9C}.Debug|Any CPU.Build.0 = Debug|Any CPU
		{4E2EDC0D-59B3-4B17-992C-EA35C085AA9C}.Release|Any CPU.ActiveCfg = Release|Any CPU
		{4E2EDC0D-59B3-4B17-992C-EA35C085AA9C}.Release|Any CPU.Build.0 = Release|Any CPU
		{8610EC42-837B-4986-97BC-2A997C17AA08}.Debug|Any CPU.ActiveCfg = Debug|Any CPU
		{8610EC42-837B-4986-97BC-2A997C17AA08}.Debug|Any CPU.Build.0 = Debug|Any CPU
		{8610EC42-837B-4986-97BC-2A997C17AA08}.Release|Any CPU.ActiveCfg = Release|Any CPU
		{8610EC42-837B-4986-97BC-2A997C17AA08}.Release|Any CPU.Build.0 = Release|Any CPU
		{529397B9-ECF5-0FF4-80F6-4BD54806D8AA}.Debug|Any CPU.ActiveCfg = Debug|Any CPU
		{529397B9-ECF5-0FF4-80F6-4BD54806D8AA}.Debug|Any CPU.Build.0 = Debug|Any CPU
		{529397B9-ECF5-0FF4-80F6-4BD54806D8AA}.Release|Any CPU.ActiveCfg = Release|Any CPU
		{529397B9-ECF5-0FF4-80F6-4BD54806D8AA}.Release|Any CPU.Build.0 = Release|Any CPU
		{B004E0AB-9106-E665-E5FC-AA2773B6AD8F}.Debug|Any CPU.ActiveCfg = Debug|Any CPU
		{B004E0AB-9106-E665-E5FC-AA2773B6AD8F}.Debug|Any CPU.Build.0 = Debug|Any CPU
		{B004E0AB-9106-E665-E5FC-AA2773B6AD8F}.Release|Any CPU.ActiveCfg = Release|Any CPU
		{B004E0AB-9106-E665-E5FC-AA2773B6AD8F}.Release|Any CPU.Build.0 = Release|Any CPU
		{E34652E5-35AE-DD78-C7C5-5B1498097461}.Debug|Any CPU.ActiveCfg = Debug|Any CPU
		{E34652E5-35AE-DD78-C7C5-5B1498097461}.Debug|Any CPU.Build.0 = Debug|Any CPU
		{E34652E5-35AE-DD78-C7C5-5B1498097461}.Release|Any CPU.ActiveCfg = Release|Any CPU
		{E34652E5-35AE-DD78-C7C5-5B1498097461}.Release|Any CPU.Build.0 = Release|Any CPU
		{AF7137F1-81C9-2E12-66D3-3393D425F5DC}.Debug|Any CPU.ActiveCfg = Debug|Any CPU
		{AF7137F1-81C9-2E12-66D3-3393D425F5DC}.Debug|Any CPU.Build.0 = Debug|Any CPU
		{AF7137F1-81C9-2E12-66D3-3393D425F5DC}.Release|Any CPU.ActiveCfg = Release|Any CPU
		{AF7137F1-81C9-2E12-66D3-3393D425F5DC}.Release|Any CPU.Build.0 = Release|Any CPU
	EndGlobalSection
	GlobalSection(SolutionProperties) = preSolution
		HideSolutionNode = FALSE
	EndGlobalSection
	GlobalSection(NestedProjects) = preSolution
		{20F3F34F-482C-458F-A083-DD7F3344C23B} = {E5F6CD65-9F58-4E36-9EFD-5360A5833C1A}
		{8F28B976-0B32-41A3-B9E5-CF632B1166D3} = {E5F6CD65-9F58-4E36-9EFD-5360A5833C1A}
		{176CBF7E-2E7C-444F-870A-78478AB22144} = {E5F6CD65-9F58-4E36-9EFD-5360A5833C1A}
		{0EB834D0-3958-461B-8352-E091AE013923} = {20F3F34F-482C-458F-A083-DD7F3344C23B}
		{02EA681E-C7D8-13C7-8484-4AC65E1B71E8} = {8F28B976-0B32-41A3-B9E5-CF632B1166D3}
		{3B718DDC-6D6B-483D-AE48-C6CEEEE96822} = {02EA681E-C7D8-13C7-8484-4AC65E1B71E8}
		{4E2EDC0D-59B3-4B17-992C-EA35C085AA9C} = {02EA681E-C7D8-13C7-8484-4AC65E1B71E8}
		{8610EC42-837B-4986-97BC-2A997C17AA08} = {0EB834D0-3958-461B-8352-E091AE013923}
		{529397B9-ECF5-0FF4-80F6-4BD54806D8AA} = {0EB834D0-3958-461B-8352-E091AE013923}
		{B004E0AB-9106-E665-E5FC-AA2773B6AD8F} = {0EB834D0-3958-461B-8352-E091AE013923}
		{E34652E5-35AE-DD78-C7C5-5B1498097461} = {0EB834D0-3958-461B-8352-E091AE013923}
		{AF7137F1-81C9-2E12-66D3-3393D425F5DC} = {0EB834D0-3958-461B-8352-E091AE013923}
	EndGlobalSection
	GlobalSection(ExtensibilityGlobals) = postSolution
		SolutionGuid = {357098BD-4C06-4103-862F-6DCCCC63A2D8}
	EndGlobalSection
EndGlobal
