
Microsoft Visual Studio Solution File, Format Version 12.00
# Visual Studio Version 17
VisualStudioVersion = 17.0.31903.59
MinimumVisualStudioVersion = 10.0.40219.1
Project("{2150E333-8FDC-42A3-9474-1A3956D46DE8}") = "src", "src", "{E5F6CD65-9F58-4E36-9EFD-5360A5833C1A}"
EndProject
Project("{2150E333-8FDC-42A3-9474-1A3956D46DE8}") = "Services", "Services", "{20F3F34F-482C-458F-A083-DD7F3344C23B}"
EndProject
Project("{2150E333-8FDC-42A3-9474-1A3956D46DE8}") = "Shared", "Shared", "{8F28B976-0B32-41A3-B9E5-CF632B1166D3}"
EndProject
Project("{2150E333-8FDC-42A3-9474-1A3956D46DE8}") = "Web", "Web", "{176CBF7E-2E7C-444F-870A-78478AB22144}"
EndProject
Project("{2150E333-8FDC-42A3-9474-1A3956D46DE8}") = "Totem", "Totem", "{0EB834D0-3958-461B-8352-E091AE013923}"
EndProject
Project("{FAE04EC0-301F-11D3-BF4B-00C04F79EFBC}") = "Totem.Application", "src\Totem.Application\Totem.Application.csproj", "{86C561C6-EF56-4CB7-B3B3-475C132EBB3F}"
EndProject
Project("{FAE04EC0-301F-11D3-BF4B-00C04F79EFBC}") = "Totem.Domain", "src\Totem.Domain\Totem.Domain.csproj", "{D166D985-B8EC-47C5-9140-723AF3FDAC5E}"
EndProject
Project("{FAE04EC0-301F-11D3-BF4B-00C04F79EFBC}") = "Totem.Infra", "src\Totem.Infra\Totem.Infra.csproj", "{FB0087D4-5FB5-48FF-AEA2-FF86F81A9580}"
EndProject
Project("{FAE04EC0-301F-11D3-BF4B-00C04F79EFBC}") = "Totem.API", "src\Totem.API\Totem.API.csproj", "{DAA71B39-905A-407D-93A0-E8E6D505ACDB}"
EndProject
Project("{2150E333-8FDC-42A3-9474-1A3956D46DE8}") = "Common", "Common", "{02EA681E-C7D8-13C7-8484-4AC65E1B71E8}"
EndProject
Project("{FAE04EC0-301F-11D3-BF4B-00C04F79EFBC}") = "Totem.Common", "src\Shared\Totem.Common\Totem.Common.csproj", "{3B718DDC-6D6B-483D-AE48-C6CEEEE96822}"
EndProject
Project("{FAE04EC0-301F-11D3-BF4B-00C04F79EFBC}") = "Totem.Common.API", "src\Shared\Totem.Common.API\Totem.Common.API.csproj", "{4E2EDC0D-59B3-4B17-992C-EA35C085AA9C}"
EndProject
Project("{FAE04EC0-301F-11D3-BF4B-00C04F79EFBC}") = "Totem.SharedKernel", "src\Services\Totem.SharedKernel\Totem.SharedKernel.csproj", "{8610EC42-837B-4986-97BC-2A997C17AA08}"
EndProject
Global
	GlobalSection(SolutionConfigurationPlatforms) = preSolution
		Debug|Any CPU = Debug|Any CPU
		Release|Any CPU = Release|Any CPU
	EndGlobalSection
	GlobalSection(ProjectConfigurationPlatforms) = postSolution
		{86C561C6-EF56-4CB7-B3B3-475C132EBB3F}.Debug|Any CPU.ActiveCfg = Debug|Any CPU
		{86C561C6-EF56-4CB7-B3B3-475C132EBB3F}.Debug|Any CPU.Build.0 = Debug|Any CPU
		{86C561C6-EF56-4CB7-B3B3-475C132EBB3F}.Release|Any CPU.ActiveCfg = Release|Any CPU
		{86C561C6-EF56-4CB7-B3B3-475C132EBB3F}.Release|Any CPU.Build.0 = Release|Any CPU
		{D166D985-B8EC-47C5-9140-723AF3FDAC5E}.Debug|Any CPU.ActiveCfg = Debug|Any CPU
		{D166D985-B8EC-47C5-9140-723AF3FDAC5E}.Debug|Any CPU.Build.0 = Debug|Any CPU
		{D166D985-B8EC-47C5-9140-723AF3FDAC5E}.Release|Any CPU.ActiveCfg = Release|Any CPU
		{D166D985-B8EC-47C5-9140-723AF3FDAC5E}.Release|Any CPU.Build.0 = Release|Any CPU
		{FB0087D4-5FB5-48FF-AEA2-FF86F81A9580}.Debug|Any CPU.ActiveCfg = Debug|Any CPU
		{FB0087D4-5FB5-48FF-AEA2-FF86F81A9580}.Debug|Any CPU.Build.0 = Debug|Any CPU
		{FB0087D4-5FB5-48FF-AEA2-FF86F81A9580}.Release|Any CPU.ActiveCfg = Release|Any CPU
		{FB0087D4-5FB5-48FF-AEA2-FF86F81A9580}.Release|Any CPU.Build.0 = Release|Any CPU
		{DAA71B39-905A-407D-93A0-E8E6D505ACDB}.Debug|Any CPU.ActiveCfg = Debug|Any CPU
		{DAA71B39-905A-407D-93A0-E8E6D505ACDB}.Debug|Any CPU.Build.0 = Debug|Any CPU
		{DAA71B39-905A-407D-93A0-E8E6D505ACDB}.Release|Any CPU.ActiveCfg = Release|Any CPU
		{DAA71B39-905A-407D-93A0-E8E6D505ACDB}.Release|Any CPU.Build.0 = Release|Any CPU
		{3B718DDC-6D6B-483D-AE48-C6CEEEE96822}.Debug|Any CPU.ActiveCfg = Debug|Any CPU
		{3B718DDC-6D6B-483D-AE48-C6CEEEE96822}.Debug|Any CPU.Build.0 = Debug|Any CPU
		{3B718DDC-6D6B-483D-AE48-C6CEEEE96822}.Release|Any CPU.ActiveCfg = Release|Any CPU
		{3B718DDC-6D6B-483D-AE48-C6CEEEE96822}.Release|Any CPU.Build.0 = Release|Any CPU
		{4E2EDC0D-59B3-4B17-992C-EA35C085AA9C}.Debug|Any CPU.ActiveCfg = Debug|Any CPU
		{4E2EDC0D-59B3-4B17-992C-EA35C085AA9C}.Debug|Any CPU.Build.0 = Debug|Any CPU
		{4E2EDC0D-59B3-4B17-992C-EA35C085AA9C}.Release|Any CPU.ActiveCfg = Release|Any CPU
		{4E2EDC0D-59B3-4B17-992C-EA35C085AA9C}.Release|Any CPU.Build.0 = Release|Any CPU
		{8610EC42-837B-4986-97BC-2A997C17AA08}.Debug|Any CPU.ActiveCfg = Debug|Any CPU
		{8610EC42-837B-4986-97BC-2A997C17AA08}.Debug|Any CPU.Build.0 = Debug|Any CPU
		{8610EC42-837B-4986-97BC-2A997C17AA08}.Release|Any CPU.ActiveCfg = Release|Any CPU
		{8610EC42-837B-4986-97BC-2A997C17AA08}.Release|Any CPU.Build.0 = Release|Any CPU
	EndGlobalSection
	GlobalSection(SolutionProperties) = preSolution
		HideSolutionNode = FALSE
	EndGlobalSection
	GlobalSection(NestedProjects) = preSolution
		{20F3F34F-482C-458F-A083-DD7F3344C23B} = {E5F6CD65-9F58-4E36-9EFD-5360A5833C1A}
		{8F28B976-0B32-41A3-B9E5-CF632B1166D3} = {E5F6CD65-9F58-4E36-9EFD-5360A5833C1A}
		{176CBF7E-2E7C-444F-870A-78478AB22144} = {E5F6CD65-9F58-4E36-9EFD-5360A5833C1A}
		{0EB834D0-3958-461B-8352-E091AE013923} = {20F3F34F-482C-458F-A083-DD7F3344C23B}
		{86C561C6-EF56-4CB7-B3B3-475C132EBB3F} = {0EB834D0-3958-461B-8352-E091AE013923}
		{D166D985-B8EC-47C5-9140-723AF3FDAC5E} = {0EB834D0-3958-461B-8352-E091AE013923}
		{FB0087D4-5FB5-48FF-AEA2-FF86F81A9580} = {0EB834D0-3958-461B-8352-E091AE013923}
		{DAA71B39-905A-407D-93A0-E8E6D505ACDB} = {0EB834D0-3958-461B-8352-E091AE013923}
		{02EA681E-C7D8-13C7-8484-4AC65E1B71E8} = {8F28B976-0B32-41A3-B9E5-CF632B1166D3}
		{3B718DDC-6D6B-483D-AE48-C6CEEEE96822} = {02EA681E-C7D8-13C7-8484-4AC65E1B71E8}
		{4E2EDC0D-59B3-4B17-992C-EA35C085AA9C} = {02EA681E-C7D8-13C7-8484-4AC65E1B71E8}
		{8610EC42-837B-4986-97BC-2A997C17AA08} = {0EB834D0-3958-461B-8352-E091AE013923}
	EndGlobalSection
	GlobalSection(ExtensibilityGlobals) = postSolution
		SolutionGuid = {357098BD-4C06-4103-862F-6DCCCC63A2D8}
	EndGlobalSection
EndGlobal
